
Microsoft Visual Studio Solution File, Format Version 12.00
# Visual Studio Version 16
VisualStudioVersion = 16.0.30413.136
MinimumVisualStudioVersion = 10.0.40219.1
Project("{FAE04EC0-301F-11D3-BF4B-00C04F79EFBC}") = "InSem1", "CSharpPractise\InSem1.csproj", "{5A432BC0-E4C6-4381-B1F1-95E77BB73E8B}"
EndProject
Project("{FAE04EC0-301F-11D3-BF4B-00C04F79EFBC}") = "InSem2", "InSem2\InSem2.csproj", "{2FB30A30-E7DC-4366-B3A8-434705195AD4}"
EndProject
Project("{FAE04EC0-301F-11D3-BF4B-00C04F79EFBC}") = "WinterFinal", "WinterFinal\WinterFinal.csproj", "{A6CAF846-15DB-4656-A8D2-C9CA0884660F}"
EndProject
Global
	GlobalSection(SolutionConfigurationPlatforms) = preSolution
		Debug|Any CPU = Debug|Any CPU
		Debug|x64 = Debug|x64
		Debug|x86 = Debug|x86
		Release|Any CPU = Release|Any CPU
		Release|x64 = Release|x64
		Release|x86 = Release|x86
	EndGlobalSection
	GlobalSection(ProjectConfigurationPlatforms) = postSolution
		{5A432BC0-E4C6-4381-B1F1-95E77BB73E8B}.Debug|Any CPU.ActiveCfg = Debug|Any CPU
		{5A432BC0-E4C6-4381-B1F1-95E77BB73E8B}.Debug|Any CPU.Build.0 = Debug|Any CPU
		{5A432BC0-E4C6-4381-B1F1-95E77BB73E8B}.Debug|x64.ActiveCfg = Debug|Any CPU
		{5A432BC0-E4C6-4381-B1F1-95E77BB73E8B}.Debug|x64.Build.0 = Debug|Any CPU
		{5A432BC0-E4C6-4381-B1F1-95E77BB73E8B}.Debug|x86.ActiveCfg = Debug|Any CPU
		{5A432BC0-E4C6-4381-B1F1-95E77BB73E8B}.Debug|x86.Build.0 = Debug|Any CPU
		{5A432BC0-E4C6-4381-B1F1-95E77BB73E8B}.Release|Any CPU.ActiveCfg = Release|Any CPU
		{5A432BC0-E4C6-4381-B1F1-95E77BB73E8B}.Release|Any CPU.Build.0 = Release|Any CPU
		{5A432BC0-E4C6-4381-B1F1-95E77BB73E8B}.Release|x64.ActiveCfg = Release|Any CPU
		{5A432BC0-E4C6-4381-B1F1-95E77BB73E8B}.Release|x64.Build.0 = Release|Any CPU
		{5A432BC0-E4C6-4381-B1F1-95E77BB73E8B}.Release|x86.ActiveCfg = Release|Any CPU
		{5A432BC0-E4C6-4381-B1F1-95E77BB73E8B}.Release|x86.Build.0 = Release|Any CPU
		{2FB30A30-E7DC-4366-B3A8-434705195AD4}.Debug|Any CPU.ActiveCfg = Debug|Any CPU
		{2FB30A30-E7DC-4366-B3A8-434705195AD4}.Debug|Any CPU.Build.0 = Debug|Any CPU
		{2FB30A30-E7DC-4366-B3A8-434705195AD4}.Debug|x64.ActiveCfg = Debug|Any CPU
		{2FB30A30-E7DC-4366-B3A8-434705195AD4}.Debug|x64.Build.0 = Debug|Any CPU
		{2FB30A30-E7DC-4366-B3A8-434705195AD4}.Debug|x86.ActiveCfg = Debug|Any CPU
		{2FB30A30-E7DC-4366-B3A8-434705195AD4}.Debug|x86.Build.0 = Debug|Any CPU
		{2FB30A30-E7DC-4366-B3A8-434705195AD4}.Release|Any CPU.ActiveCfg = Release|Any CPU
		{2FB30A30-E7DC-4366-B3A8-434705195AD4}.Release|Any CPU.Build.0 = Release|Any CPU
		{2FB30A30-E7DC-4366-B3A8-434705195AD4}.Release|x64.ActiveCfg = Release|Any CPU
		{2FB30A30-E7DC-4366-B3A8-434705195AD4}.Release|x64.Build.0 = Release|Any CPU
		{2FB30A30-E7DC-4366-B3A8-434705195AD4}.Release|x86.ActiveCfg = Release|Any CPU
		{2FB30A30-E7DC-4366-B3A8-434705195AD4}.Release|x86.Build.0 = Release|Any CPU
		{A6CAF846-15DB-4656-A8D2-C9CA0884660F}.Debug|Any CPU.ActiveCfg = Debug|Any CPU
		{A6CAF846-15DB-4656-A8D2-C9CA0884660F}.Debug|Any CPU.Build.0 = Debug|Any CPU
		{A6CAF846-15DB-4656-A8D2-C9CA0884660F}.Debug|x64.ActiveCfg = Debug|Any CPU
		{A6CAF846-15DB-4656-A8D2-C9CA0884660F}.Debug|x64.Build.0 = Debug|Any CPU
		{A6CAF846-15DB-4656-A8D2-C9CA0884660F}.Debug|x86.ActiveCfg = Debug|Any CPU
		{A6CAF846-15DB-4656-A8D2-C9CA0884660F}.Debug|x86.Build.0 = Debug|Any CPU
		{A6CAF846-15DB-4656-A8D2-C9CA0884660F}.Release|Any CPU.ActiveCfg = Release|Any CPU
		{A6CAF846-15DB-4656-A8D2-C9CA0884660F}.Release|Any CPU.Build.0 = Release|Any CPU
		{A6CAF846-15DB-4656-A8D2-C9CA0884660F}.Release|x64.ActiveCfg = Release|Any CPU
		{A6CAF846-15DB-4656-A8D2-C9CA0884660F}.Release|x64.Build.0 = Release|Any CPU
		{A6CAF846-15DB-4656-A8D2-C9CA0884660F}.Release|x86.ActiveCfg = Release|Any CPU
		{A6CAF846-15DB-4656-A8D2-C9CA0884660F}.Release|x86.Build.0 = Release|Any CPU
	EndGlobalSection
	GlobalSection(SolutionProperties) = preSolution
		HideSolutionNode = FALSE
	EndGlobalSection
	GlobalSection(ExtensibilityGlobals) = postSolution
		SolutionGuid = {D45DF14B-5F42-48A5-AC9C-29F7561914AD}
	EndGlobalSection
EndGlobal
